
Microsoft Visual Studio Solution File, Format Version 12.00
# Visual Studio Version 17
VisualStudioVersion = 17.4.33205.214
MinimumVisualStudioVersion = 10.0.40219.1
Project("{9A19103F-16F7-4668-BE54-9A1E7A4F7556}") = "Introduction-to-LINQ-and-ASP.NET-MVC", "Introduction-to-LINQ-and-ASP.NET-MVC\Introduction-to-LINQ-and-ASP.NET-MVC.csproj", "{D66F13E6-0A26-488C-B2DA-89ABADDE6BA7}"
EndProject
Project("{9A19103F-16F7-4668-BE54-9A1E7A4F7556}") = "Introduction-to-LINQ-and-ASP.NET-MVC_Lab01", "Introduction-to-LINQ-and-ASP.NET-MVC_Lab01\Introduction-to-LINQ-and-ASP.NET-MVC_Lab01.csproj", "{266AB047-BF7A-42EE-85BE-A395C8469B7E}"
EndProject
Project("{9A19103F-16F7-4668-BE54-9A1E7A4F7556}") = "Introduction-to-LINQ-and-ASP.NET-MVC_Lab02", "Introduction-to-LINQ-and-ASP.NET-MVC_Lab02\Introduction-to-LINQ-and-ASP.NET-MVC_Lab02.csproj", "{E28EC682-B1F3-456C-92B0-6A965BAF1F46}"
EndProject
Project("{FAE04EC0-301F-11D3-BF4B-00C04F79EFBC}") = "Introduction-to-LINQ-and-ASP.NET-MVC_Lab03", "Introduction-to-LINQ-and-ASP.NET-MVC_Lab03\Introduction-to-LINQ-and-ASP.NET-MVC_Lab03.csproj", "{73D14F4A-D2B2-4268-8814-15B12B2E87DA}"
EndProject
Global
	GlobalSection(SolutionConfigurationPlatforms) = preSolution
		Debug|Any CPU = Debug|Any CPU
		Release|Any CPU = Release|Any CPU
	EndGlobalSection
	GlobalSection(ProjectConfigurationPlatforms) = postSolution
		{D66F13E6-0A26-488C-B2DA-89ABADDE6BA7}.Debug|Any CPU.ActiveCfg = Debug|Any CPU
		{D66F13E6-0A26-488C-B2DA-89ABADDE6BA7}.Debug|Any CPU.Build.0 = Debug|Any CPU
		{D66F13E6-0A26-488C-B2DA-89ABADDE6BA7}.Release|Any CPU.ActiveCfg = Release|Any CPU
		{D66F13E6-0A26-488C-B2DA-89ABADDE6BA7}.Release|Any CPU.Build.0 = Release|Any CPU
		{266AB047-BF7A-42EE-85BE-A395C8469B7E}.Debug|Any CPU.ActiveCfg = Debug|Any CPU
		{266AB047-BF7A-42EE-85BE-A395C8469B7E}.Debug|Any CPU.Build.0 = Debug|Any CPU
		{266AB047-BF7A-42EE-85BE-A395C8469B7E}.Release|Any CPU.ActiveCfg = Release|Any CPU
		{266AB047-BF7A-42EE-85BE-A395C8469B7E}.Release|Any CPU.Build.0 = Release|Any CPU
		{E28EC682-B1F3-456C-92B0-6A965BAF1F46}.Debug|Any CPU.ActiveCfg = Debug|Any CPU
		{E28EC682-B1F3-456C-92B0-6A965BAF1F46}.Debug|Any CPU.Build.0 = Debug|Any CPU
		{E28EC682-B1F3-456C-92B0-6A965BAF1F46}.Release|Any CPU.ActiveCfg = Release|Any CPU
		{E28EC682-B1F3-456C-92B0-6A965BAF1F46}.Release|Any CPU.Build.0 = Release|Any CPU
		{73D14F4A-D2B2-4268-8814-15B12B2E87DA}.Debug|Any CPU.ActiveCfg = Debug|Any CPU
		{73D14F4A-D2B2-4268-8814-15B12B2E87DA}.Debug|Any CPU.Build.0 = Debug|Any CPU
		{73D14F4A-D2B2-4268-8814-15B12B2E87DA}.Release|Any CPU.ActiveCfg = Release|Any CPU
		{73D14F4A-D2B2-4268-8814-15B12B2E87DA}.Release|Any CPU.Build.0 = Release|Any CPU
	EndGlobalSection
	GlobalSection(SolutionProperties) = preSolution
		HideSolutionNode = FALSE
	EndGlobalSection
	GlobalSection(ExtensibilityGlobals) = postSolution
		SolutionGuid = {24B63999-783F-4589-BAF5-F4E252AD70E8}
	EndGlobalSection
EndGlobal
